// !$*UTF8*$!
{
	archiveVersion = 1;
	classes = {
	};
	objectVersion = 46;
	objects = {

/* Begin PBXBuildFile section */
		7FD7A8D21D1E672900580D4C /* AppDelegate.swift in Sources */ = {isa = PBXBuildFile; fileRef = 7FD7A8D11D1E672900580D4C /* AppDelegate.swift */; };
		7FD7A8D41D1E672900580D4C /* ViewController.swift in Sources */ = {isa = PBXBuildFile; fileRef = 7FD7A8D31D1E672900580D4C /* ViewController.swift */; };
		7FD7A8D71D1E672900580D4C /* Main.storyboard in Resources */ = {isa = PBXBuildFile; fileRef = 7FD7A8D51D1E672900580D4C /* Main.storyboard */; };
		7FD7A8D91D1E672900580D4C /* Assets.xcassets in Resources */ = {isa = PBXBuildFile; fileRef = 7FD7A8D81D1E672900580D4C /* Assets.xcassets */; };
		7FD7A8DC1D1E672900580D4C /* LaunchScreen.storyboard in Resources */ = {isa = PBXBuildFile; fileRef = 7FD7A8DA1D1E672900580D4C /* LaunchScreen.storyboard */; };
		7FD7A8E71D1E672900580D4C /* NewsReaderTests.swift in Sources */ = {isa = PBXBuildFile; fileRef = 7FD7A8E61D1E672900580D4C /* NewsReaderTests.swift */; };
		7FD7A8F21D1E672900580D4C /* NewsReaderUITests.swift in Sources */ = {isa = PBXBuildFile; fileRef = 7FD7A8F11D1E672900580D4C /* NewsReaderUITests.swift */; };
/* End PBXBuildFile section */

/* Begin PBXContainerItemProxy section */
		7FD7A8E31D1E672900580D4C /* PBXContainerItemProxy */ = {
			isa = PBXContainerItemProxy;
			containerPortal = 7FD7A8C61D1E672900580D4C /* Project object */;
			proxyType = 1;
			remoteGlobalIDString = 7FD7A8CD1D1E672900580D4C;
			remoteInfo = NewsReader;
		};
		7FD7A8EE1D1E672900580D4C /* PBXContainerItemProxy */ = {
			isa = PBXContainerItemProxy;
			containerPortal = 7FD7A8C61D1E672900580D4C /* Project object */;
			proxyType = 1;
			remoteGlobalIDString = 7FD7A8CD1D1E672900580D4C;
			remoteInfo = NewsReader;
		};
		7FD7A9091D1E69E300580D4C /* PBXContainerItemProxy */ = {
			isa = PBXContainerItemProxy;
			containerPortal = 7FD7A8FF1D1E69E300580D4C /* Alamofire.xcodeproj */;
			proxyType = 2;
			remoteGlobalIDString = F8111E3319A95C8B0040E7D1;
			remoteInfo = "Alamofire iOS";
		};
		7FD7A90B1D1E69E300580D4C /* PBXContainerItemProxy */ = {
			isa = PBXContainerItemProxy;
			containerPortal = 7FD7A8FF1D1E69E300580D4C /* Alamofire.xcodeproj */;
			proxyType = 2;
			remoteGlobalIDString = F8111E3E19A95C8B0040E7D1;
			remoteInfo = "Alamofire iOS Tests";
		};
		7FD7A90D1D1E69E300580D4C /* PBXContainerItemProxy */ = {
			isa = PBXContainerItemProxy;
			containerPortal = 7FD7A8FF1D1E69E300580D4C /* Alamofire.xcodeproj */;
			proxyType = 2;
			remoteGlobalIDString = 4DD67C0B1A5C55C900ED2280;
			remoteInfo = "Alamofire OSX";
		};
		7FD7A90F1D1E69E300580D4C /* PBXContainerItemProxy */ = {
			isa = PBXContainerItemProxy;
			containerPortal = 7FD7A8FF1D1E69E300580D4C /* Alamofire.xcodeproj */;
			proxyType = 2;
			remoteGlobalIDString = F829C6B21A7A94F100A2CD59;
			remoteInfo = "Alamofire OSX Tests";
		};
		7FD7A9111D1E69E300580D4C /* PBXContainerItemProxy */ = {
			isa = PBXContainerItemProxy;
			containerPortal = 7FD7A8FF1D1E69E300580D4C /* Alamofire.xcodeproj */;
			proxyType = 2;
			remoteGlobalIDString = 4CF626EF1BA7CB3E0011A099;
			remoteInfo = "Alamofire tvOS";
		};
		7FD7A9131D1E69E300580D4C /* PBXContainerItemProxy */ = {
			isa = PBXContainerItemProxy;
			containerPortal = 7FD7A8FF1D1E69E300580D4C /* Alamofire.xcodeproj */;
			proxyType = 2;
			remoteGlobalIDString = 4CF626F81BA7CB3E0011A099;
			remoteInfo = "Alamofire tvOS Tests";
		};
		7FD7A9151D1E69E300580D4C /* PBXContainerItemProxy */ = {
			isa = PBXContainerItemProxy;
			containerPortal = 7FD7A8FF1D1E69E300580D4C /* Alamofire.xcodeproj */;
			proxyType = 2;
			remoteGlobalIDString = E4202FE01B667AA100C997FB;
			remoteInfo = "Alamofire watchOS";
		};
		7FD7A9171D1E6A2C00580D4C /* PBXContainerItemProxy */ = {
			isa = PBXContainerItemProxy;
			containerPortal = 7FD7A8FF1D1E69E300580D4C /* Alamofire.xcodeproj */;
			proxyType = 1;
			remoteGlobalIDString = F8111E3219A95C8B0040E7D1;
			remoteInfo = "Alamofire iOS";
		};
/* End PBXContainerItemProxy section */

/* Begin PBXFileReference section */
		7FD7A8CE1D1E672900580D4C /* NewsReader.app */ = {isa = PBXFileReference; explicitFileType = wrapper.application; includeInIndex = 0; path = NewsReader.app; sourceTree = BUILT_PRODUCTS_DIR; };
		7FD7A8D11D1E672900580D4C /* AppDelegate.swift */ = {isa = PBXFileReference; lastKnownFileType = sourcecode.swift; path = AppDelegate.swift; sourceTree = "<group>"; };
		7FD7A8D31D1E672900580D4C /* ViewController.swift */ = {isa = PBXFileReference; lastKnownFileType = sourcecode.swift; path = ViewController.swift; sourceTree = "<group>"; };
		7FD7A8D61D1E672900580D4C /* Base */ = {isa = PBXFileReference; lastKnownFileType = file.storyboard; name = Base; path = Base.lproj/Main.storyboard; sourceTree = "<group>"; };
		7FD7A8D81D1E672900580D4C /* Assets.xcassets */ = {isa = PBXFileReference; lastKnownFileType = folder.assetcatalog; path = Assets.xcassets; sourceTree = "<group>"; };
		7FD7A8DB1D1E672900580D4C /* Base */ = {isa = PBXFileReference; lastKnownFileType = file.storyboard; name = Base; path = Base.lproj/LaunchScreen.storyboard; sourceTree = "<group>"; };
		7FD7A8DD1D1E672900580D4C /* Info.plist */ = {isa = PBXFileReference; lastKnownFileType = text.plist.xml; path = Info.plist; sourceTree = "<group>"; };
		7FD7A8E21D1E672900580D4C /* NewsReaderTests.xctest */ = {isa = PBXFileReference; explicitFileType = wrapper.cfbundle; includeInIndex = 0; path = NewsReaderTests.xctest; sourceTree = BUILT_PRODUCTS_DIR; };
		7FD7A8E61D1E672900580D4C /* NewsReaderTests.swift */ = {isa = PBXFileReference; lastKnownFileType = sourcecode.swift; path = NewsReaderTests.swift; sourceTree = "<group>"; };
		7FD7A8E81D1E672900580D4C /* Info.plist */ = {isa = PBXFileReference; lastKnownFileType = text.plist.xml; path = Info.plist; sourceTree = "<group>"; };
		7FD7A8ED1D1E672900580D4C /* NewsReaderUITests.xctest */ = {isa = PBXFileReference; explicitFileType = wrapper.cfbundle; includeInIndex = 0; path = NewsReaderUITests.xctest; sourceTree = BUILT_PRODUCTS_DIR; };
		7FD7A8F11D1E672900580D4C /* NewsReaderUITests.swift */ = {isa = PBXFileReference; lastKnownFileType = sourcecode.swift; path = NewsReaderUITests.swift; sourceTree = "<group>"; };
		7FD7A8F31D1E672900580D4C /* Info.plist */ = {isa = PBXFileReference; lastKnownFileType = text.plist.xml; path = Info.plist; sourceTree = "<group>"; };
		7FD7A8FF1D1E69E300580D4C /* Alamofire.xcodeproj */ = {isa = PBXFileReference; lastKnownFileType = "wrapper.pb-project"; name = Alamofire.xcodeproj; path = "Alamofire-master/Alamofire.xcodeproj"; sourceTree = SOURCE_ROOT; };
/* End PBXFileReference section */

/* Begin PBXFrameworksBuildPhase section */
		7FD7A8CB1D1E672900580D4C /* Frameworks */ = {
			isa = PBXFrameworksBuildPhase;
			buildActionMask = 2147483647;
			files = (
			);
			runOnlyForDeploymentPostprocessing = 0;
		};
		7FD7A8DF1D1E672900580D4C /* Frameworks */ = {
			isa = PBXFrameworksBuildPhase;
			buildActionMask = 2147483647;
			files = (
			);
			runOnlyForDeploymentPostprocessing = 0;
		};
		7FD7A8EA1D1E672900580D4C /* Frameworks */ = {
			isa = PBXFrameworksBuildPhase;
			buildActionMask = 2147483647;
			files = (
			);
			runOnlyForDeploymentPostprocessing = 0;
		};
/* End PBXFrameworksBuildPhase section */

/* Begin PBXGroup section */
		7FD7A8C51D1E672900580D4C = {
			isa = PBXGroup;
			children = (
				7FD7A8D01D1E672900580D4C /* NewsReader */,
				7FD7A8E51D1E672900580D4C /* NewsReaderTests */,
				7FD7A8F01D1E672900580D4C /* NewsReaderUITests */,
				7FD7A8CF1D1E672900580D4C /* Products */,
			);
			sourceTree = "<group>";
		};
		7FD7A8CF1D1E672900580D4C /* Products */ = {
			isa = PBXGroup;
			children = (
				7FD7A8CE1D1E672900580D4C /* NewsReader.app */,
				7FD7A8E21D1E672900580D4C /* NewsReaderTests.xctest */,
				7FD7A8ED1D1E672900580D4C /* NewsReaderUITests.xctest */,
			);
			name = Products;
			sourceTree = "<group>";
		};
		7FD7A8D01D1E672900580D4C /* NewsReader */ = {
			isa = PBXGroup;
			children = (
				7FD7A8D11D1E672900580D4C /* AppDelegate.swift */,
				7FD7A8D31D1E672900580D4C /* ViewController.swift */,
				7FD7A8FF1D1E69E300580D4C /* Alamofire.xcodeproj */,
				7FD7A8D51D1E672900580D4C /* Main.storyboard */,
				7FD7A8D81D1E672900580D4C /* Assets.xcassets */,
				7FD7A8DA1D1E672900580D4C /* LaunchScreen.storyboard */,
				7FD7A8DD1D1E672900580D4C /* Info.plist */,
			);
			path = NewsReader;
			sourceTree = "<group>";
		};
		7FD7A8E51D1E672900580D4C /* NewsReaderTests */ = {
			isa = PBXGroup;
			children = (
				7FD7A8E61D1E672900580D4C /* NewsReaderTests.swift */,
				7FD7A8E81D1E672900580D4C /* Info.plist */,
			);
			path = NewsReaderTests;
			sourceTree = "<group>";
		};
		7FD7A8F01D1E672900580D4C /* NewsReaderUITests */ = {
			isa = PBXGroup;
			children = (
				7FD7A8F11D1E672900580D4C /* NewsReaderUITests.swift */,
				7FD7A8F31D1E672900580D4C /* Info.plist */,
			);
			path = NewsReaderUITests;
			sourceTree = "<group>";
		};
		7FD7A9001D1E69E300580D4C /* Products */ = {
			isa = PBXGroup;
			children = (
				7FD7A90A1D1E69E300580D4C /* Alamofire.framework */,
				7FD7A90C1D1E69E300580D4C /* Alamofire iOS Tests.xctest */,
				7FD7A90E1D1E69E300580D4C /* Alamofire.framework */,
				7FD7A9101D1E69E300580D4C /* Alamofire OSX Tests.xctest */,
				7FD7A9121D1E69E300580D4C /* Alamofire.framework */,
				7FD7A9141D1E69E300580D4C /* Alamofire tvOS Tests.xctest */,
				7FD7A9161D1E69E300580D4C /* Alamofire.framework */,
			);
			name = Products;
			sourceTree = "<group>";
		};
/* End PBXGroup section */

/* Begin PBXNativeTarget section */
		7FD7A8CD1D1E672900580D4C /* NewsReader */ = {
			isa = PBXNativeTarget;
			buildConfigurationList = 7FD7A8F61D1E672900580D4C /* Build configuration list for PBXNativeTarget "NewsReader" */;
			buildPhases = (
				7FD7A8CA1D1E672900580D4C /* Sources */,
				7FD7A8CB1D1E672900580D4C /* Frameworks */,
				7FD7A8CC1D1E672900580D4C /* Resources */,
			);
			buildRules = (
			);
			dependencies = (
				7FD7A9181D1E6A2C00580D4C /* PBXTargetDependency */,
			);
			name = NewsReader;
			productName = NewsReader;
			productReference = 7FD7A8CE1D1E672900580D4C /* NewsReader.app */;
			productType = "com.apple.product-type.application";
		};
		7FD7A8E11D1E672900580D4C /* NewsReaderTests */ = {
			isa = PBXNativeTarget;
			buildConfigurationList = 7FD7A8F91D1E672900580D4C /* Build configuration list for PBXNativeTarget "NewsReaderTests" */;
			buildPhases = (
				7FD7A8DE1D1E672900580D4C /* Sources */,
				7FD7A8DF1D1E672900580D4C /* Frameworks */,
				7FD7A8E01D1E672900580D4C /* Resources */,
			);
			buildRules = (
			);
			dependencies = (
				7FD7A8E41D1E672900580D4C /* PBXTargetDependency */,
			);
			name = NewsReaderTests;
			productName = NewsReaderTests;
			productReference = 7FD7A8E21D1E672900580D4C /* NewsReaderTests.xctest */;
			productType = "com.apple.product-type.bundle.unit-test";
		};
		7FD7A8EC1D1E672900580D4C /* NewsReaderUITests */ = {
			isa = PBXNativeTarget;
			buildConfigurationList = 7FD7A8FC1D1E672900580D4C /* Build configuration list for PBXNativeTarget "NewsReaderUITests" */;
			buildPhases = (
				7FD7A8E91D1E672900580D4C /* Sources */,
				7FD7A8EA1D1E672900580D4C /* Frameworks */,
				7FD7A8EB1D1E672900580D4C /* Resources */,
			);
			buildRules = (
			);
			dependencies = (
				7FD7A8EF1D1E672900580D4C /* PBXTargetDependency */,
			);
			name = NewsReaderUITests;
			productName = NewsReaderUITests;
			productReference = 7FD7A8ED1D1E672900580D4C /* NewsReaderUITests.xctest */;
			productType = "com.apple.product-type.bundle.ui-testing";
		};
/* End PBXNativeTarget section */

/* Begin PBXProject section */
		7FD7A8C61D1E672900580D4C /* Project object */ = {
			isa = PBXProject;
			attributes = {
				LastSwiftUpdateCheck = 0730;
				LastUpgradeCheck = 0730;
				ORGANIZATIONNAME = "酒井恭平";
				TargetAttributes = {
					7FD7A8CD1D1E672900580D4C = {
						CreatedOnToolsVersion = 7.3.1;
					};
					7FD7A8E11D1E672900580D4C = {
						CreatedOnToolsVersion = 7.3.1;
						TestTargetID = 7FD7A8CD1D1E672900580D4C;
					};
					7FD7A8EC1D1E672900580D4C = {
						CreatedOnToolsVersion = 7.3.1;
						TestTargetID = 7FD7A8CD1D1E672900580D4C;
					};
				};
			};
			buildConfigurationList = 7FD7A8C91D1E672900580D4C /* Build configuration list for PBXProject "NewsReader" */;
			compatibilityVersion = "Xcode 3.2";
			developmentRegion = English;
			hasScannedForEncodings = 0;
			knownRegions = (
				en,
				Base,
			);
			mainGroup = 7FD7A8C51D1E672900580D4C;
			productRefGroup = 7FD7A8CF1D1E672900580D4C /* Products */;
			projectDirPath = "";
			projectReferences = (
				{
					ProductGroup = 7FD7A9001D1E69E300580D4C /* Products */;
					ProjectRef = 7FD7A8FF1D1E69E300580D4C /* Alamofire.xcodeproj */;
				},
			);
			projectRoot = "";
			targets = (
				7FD7A8CD1D1E672900580D4C /* NewsReader */,
				7FD7A8E11D1E672900580D4C /* NewsReaderTests */,
				7FD7A8EC1D1E672900580D4C /* NewsReaderUITests */,
			);
		};
/* End PBXProject section */

/* Begin PBXReferenceProxy section */
		7FD7A90A1D1E69E300580D4C /* Alamofire.framework */ = {
			isa = PBXReferenceProxy;
			fileType = wrapper.framework;
			path = Alamofire.framework;
			remoteRef = 7FD7A9091D1E69E300580D4C /* PBXContainerItemProxy */;
			sourceTree = BUILT_PRODUCTS_DIR;
		};
		7FD7A90C1D1E69E300580D4C /* Alamofire iOS Tests.xctest */ = {
			isa = PBXReferenceProxy;
			fileType = wrapper.cfbundle;
			path = "Alamofire iOS Tests.xctest";
			remoteRef = 7FD7A90B1D1E69E300580D4C /* PBXContainerItemProxy */;
			sourceTree = BUILT_PRODUCTS_DIR;
		};
		7FD7A90E1D1E69E300580D4C /* Alamofire.framework */ = {
			isa = PBXReferenceProxy;
			fileType = wrapper.framework;
			path = Alamofire.framework;
			remoteRef = 7FD7A90D1D1E69E300580D4C /* PBXContainerItemProxy */;
			sourceTree = BUILT_PRODUCTS_DIR;
		};
		7FD7A9101D1E69E300580D4C /* Alamofire OSX Tests.xctest */ = {
			isa = PBXReferenceProxy;
			fileType = wrapper.cfbundle;
			path = "Alamofire OSX Tests.xctest";
			remoteRef = 7FD7A90F1D1E69E300580D4C /* PBXContainerItemProxy */;
			sourceTree = BUILT_PRODUCTS_DIR;
		};
		7FD7A9121D1E69E300580D4C /* Alamofire.framework */ = {
			isa = PBXReferenceProxy;
			fileType = wrapper.framework;
			path = Alamofire.framework;
			remoteRef = 7FD7A9111D1E69E300580D4C /* PBXContainerItemProxy */;
			sourceTree = BUILT_PRODUCTS_DIR;
		};
		7FD7A9141D1E69E300580D4C /* Alamofire tvOS Tests.xctest */ = {
			isa = PBXReferenceProxy;
			fileType = wrapper.cfbundle;
			path = "Alamofire tvOS Tests.xctest";
			remoteRef = 7FD7A9131D1E69E300580D4C /* PBXContainerItemProxy */;
			sourceTree = BUILT_PRODUCTS_DIR;
		};
		7FD7A9161D1E69E300580D4C /* Alamofire.framework */ = {
			isa = PBXReferenceProxy;
			fileType = wrapper.framework;
			path = Alamofire.framework;
			remoteRef = 7FD7A9151D1E69E300580D4C /* PBXContainerItemProxy */;
			sourceTree = BUILT_PRODUCTS_DIR;
		};
/* End PBXReferenceProxy section */

/* Begin PBXResourcesBuildPhase section */
		7FD7A8CC1D1E672900580D4C /* Resources */ = {
			isa = PBXResourcesBuildPhase;
			buildActionMask = 2147483647;
			files = (
				7FD7A8DC1D1E672900580D4C /* LaunchScreen.storyboard in Resources */,
				7FD7A8D91D1E672900580D4C /* Assets.xcassets in Resources */,
				7FD7A8D71D1E672900580D4C /* Main.storyboard in Resources */,
			);
			runOnlyForDeploymentPostprocessing = 0;
		};
		7FD7A8E01D1E672900580D4C /* Resources */ = {
			isa = PBXResourcesBuildPhase;
			buildActionMask = 2147483647;
			files = (
			);
			runOnlyForDeploymentPostprocessing = 0;
		};
		7FD7A8EB1D1E672900580D4C /* Resources */ = {
			isa = PBXResourcesBuildPhase;
			buildActionMask = 2147483647;
			files = (
			);
			runOnlyForDeploymentPostprocessing = 0;
		};
/* End PBXResourcesBuildPhase section */

/* Begin PBXSourcesBuildPhase section */
		7FD7A8CA1D1E672900580D4C /* Sources */ = {
			isa = PBXSourcesBuildPhase;
			buildActionMask = 2147483647;
			files = (
				7FD7A8D41D1E672900580D4C /* ViewController.swift in Sources */,
				7FD7A8D21D1E672900580D4C /* AppDelegate.swift in Sources */,
			);
			runOnlyForDeploymentPostprocessing = 0;
		};
		7FD7A8DE1D1E672900580D4C /* Sources */ = {
			isa = PBXSourcesBuildPhase;
			buildActionMask = 2147483647;
			files = (
				7FD7A8E71D1E672900580D4C /* NewsReaderTests.swift in Sources */,
			);
			runOnlyForDeploymentPostprocessing = 0;
		};
		7FD7A8E91D1E672900580D4C /* Sources */ = {
			isa = PBXSourcesBuildPhase;
			buildActionMask = 2147483647;
			files = (
				7FD7A8F21D1E672900580D4C /* NewsReaderUITests.swift in Sources */,
			);
			runOnlyForDeploymentPostprocessing = 0;
		};
/* End PBXSourcesBuildPhase section */

/* Begin PBXTargetDependency section */
		7FD7A8E41D1E672900580D4C /* PBXTargetDependency */ = {
			isa = PBXTargetDependency;
			target = 7FD7A8CD1D1E672900580D4C /* NewsReader */;
			targetProxy = 7FD7A8E31D1E672900580D4C /* PBXContainerItemProxy */;
		};
		7FD7A8EF1D1E672900580D4C /* PBXTargetDependency */ = {
			isa = PBXTargetDependency;
			target = 7FD7A8CD1D1E672900580D4C /* NewsReader */;
			targetProxy = 7FD7A8EE1D1E672900580D4C /* PBXContainerItemProxy */;
		};
		7FD7A9181D1E6A2C00580D4C /* PBXTargetDependency */ = {
			isa = PBXTargetDependency;
			name = "Alamofire iOS";
			targetProxy = 7FD7A9171D1E6A2C00580D4C /* PBXContainerItemProxy */;
		};
/* End PBXTargetDependency section */

/* Begin PBXVariantGroup section */
		7FD7A8D51D1E672900580D4C /* Main.storyboard */ = {
			isa = PBXVariantGroup;
			children = (
				7FD7A8D61D1E672900580D4C /* Base */,
			);
			name = Main.storyboard;
			sourceTree = "<group>";
		};
		7FD7A8DA1D1E672900580D4C /* LaunchScreen.storyboard */ = {
			isa = PBXVariantGroup;
			children = (
				7FD7A8DB1D1E672900580D4C /* Base */,
			);
			name = LaunchScreen.storyboard;
			sourceTree = "<group>";
		};
/* End PBXVariantGroup section */

/* Begin XCBuildConfiguration section */
		7FD7A8F41D1E672900580D4C /* Debug */ = {
			isa = XCBuildConfiguration;
			buildSettings = {
				ALWAYS_SEARCH_USER_PATHS = NO;
				CLANG_ANALYZER_NONNULL = YES;
				CLANG_CXX_LANGUAGE_STANDARD = "gnu++0x";
				CLANG_CXX_LIBRARY = "libc++";
				CLANG_ENABLE_MODULES = YES;
				CLANG_ENABLE_OBJC_ARC = YES;
				CLANG_WARN_BOOL_CONVERSION = YES;
				CLANG_WARN_CONSTANT_CONVERSION = YES;
				CLANG_WARN_DIRECT_OBJC_ISA_USAGE = YES_ERROR;
				CLANG_WARN_EMPTY_BODY = YES;
				CLANG_WARN_ENUM_CONVERSION = YES;
				CLANG_WARN_INT_CONVERSION = YES;
				CLANG_WARN_OBJC_ROOT_CLASS = YES_ERROR;
				CLANG_WARN_UNREACHABLE_CODE = YES;
				CLANG_WARN__DUPLICATE_METHOD_MATCH = YES;
				"CODE_SIGN_IDENTITY[sdk=iphoneos*]" = "iPhone Developer";
				COPY_PHASE_STRIP = NO;
				DEBUG_INFORMATION_FORMAT = dwarf;
				ENABLE_STRICT_OBJC_MSGSEND = YES;
				ENABLE_TESTABILITY = YES;
				GCC_C_LANGUAGE_STANDARD = gnu99;
				GCC_DYNAMIC_NO_PIC = NO;
				GCC_NO_COMMON_BLOCKS = YES;
				GCC_OPTIMIZATION_LEVEL = 0;
				GCC_PREPROCESSOR_DEFINITIONS = (
					"DEBUG=1",
					"$(inherited)",
				);
				GCC_WARN_64_TO_32_BIT_CONVERSION = YES;
				GCC_WARN_ABOUT_RETURN_TYPE = YES_ERROR;
				GCC_WARN_UNDECLARED_SELECTOR = YES;
				GCC_WARN_UNINITIALIZED_AUTOS = YES_AGGRESSIVE;
				GCC_WARN_UNUSED_FUNCTION = YES;
				GCC_WARN_UNUSED_VARIABLE = YES;
				IPHONEOS_DEPLOYMENT_TARGET = 9.3;
				MTL_ENABLE_DEBUG_INFO = YES;
				ONLY_ACTIVE_ARCH = YES;
				SDKROOT = iphoneos;
				SWIFT_OPTIMIZATION_LEVEL = "-Onone";
			};
			name = Debug;
		};
		7FD7A8F51D1E672900580D4C /* Release */ = {
			isa = XCBuildConfiguration;
			buildSettings = {
				ALWAYS_SEARCH_USER_PATHS = NO;
				CLANG_ANALYZER_NONNULL = YES;
				CLANG_CXX_LANGUAGE_STANDARD = "gnu++0x";
				CLANG_CXX_LIBRARY = "libc++";
				CLANG_ENABLE_MODULES = YES;
				CLANG_ENABLE_OBJC_ARC = YES;
				CLANG_WARN_BOOL_CONVERSION = YES;
				CLANG_WARN_CONSTANT_CONVERSION = YES;
				CLANG_WARN_DIRECT_OBJC_ISA_USAGE = YES_ERROR;
				CLANG_WARN_EMPTY_BODY = YES;
				CLANG_WARN_ENUM_CONVERSION = YES;
				CLANG_WARN_INT_CONVERSION = YES;
				CLANG_WARN_OBJC_ROOT_CLASS = YES_ERROR;
				CLANG_WARN_UNREACHABLE_CODE = YES;
				CLANG_WARN__DUPLICATE_METHOD_MATCH = YES;
				"CODE_SIGN_IDENTITY[sdk=iphoneos*]" = "iPhone Developer";
				COPY_PHASE_STRIP = NO;
				DEBUG_INFORMATION_FORMAT = "dwarf-with-dsym";
				ENABLE_NS_ASSERTIONS = NO;
				ENABLE_STRICT_OBJC_MSGSEND = YES;
				GCC_C_LANGUAGE_STANDARD = gnu99;
				GCC_NO_COMMON_BLOCKS = YES;
				GCC_WARN_64_TO_32_BIT_CONVERSION = YES;
				GCC_WARN_ABOUT_RETURN_TYPE = YES_ERROR;
				GCC_WARN_UNDECLARED_SELECTOR = YES;
				GCC_WARN_UNINITIALIZED_AUTOS = YES_AGGRESSIVE;
				GCC_WARN_UNUSED_FUNCTION = YES;
				GCC_WARN_UNUSED_VARIABLE = YES;
				IPHONEOS_DEPLOYMENT_TARGET = 9.3;
				MTL_ENABLE_DEBUG_INFO = NO;
				SDKROOT = iphoneos;
				VALIDATE_PRODUCT = YES;
			};
			name = Release;
		};
		7FD7A8F71D1E672900580D4C /* Debug */ = {
			isa = XCBuildConfiguration;
			buildSettings = {
				ASSETCATALOG_COMPILER_APPICON_NAME = AppIcon;
				INFOPLIST_FILE = NewsReader/Info.plist;
				LD_RUNPATH_SEARCH_PATHS = "$(inherited) @executable_path/Frameworks";
				PRODUCT_BUNDLE_IDENTIFIER = kyohei.NewsReader;
				PRODUCT_NAME = "$(TARGET_NAME)";
			};
			name = Debug;
		};
		7FD7A8F81D1E672900580D4C /* Release */ = {
			isa = XCBuildConfiguration;
			buildSettings = {
				ASSETCATALOG_COMPILER_APPICON_NAME = AppIcon;
				INFOPLIST_FILE = NewsReader/Info.plist;
				LD_RUNPATH_SEARCH_PATHS = "$(inherited) @executable_path/Frameworks";
				PRODUCT_BUNDLE_IDENTIFIER = kyohei.NewsReader;
				PRODUCT_NAME = "$(TARGET_NAME)";
			};
			name = Release;
		};
		7FD7A8FA1D1E672900580D4C /* Debug */ = {
			isa = XCBuildConfiguration;
			buildSettings = {
				BUNDLE_LOADER = "$(TEST_HOST)";
				INFOPLIST_FILE = NewsReaderTests/Info.plist;
				LD_RUNPATH_SEARCH_PATHS = "$(inherited) @executable_path/Frameworks @loader_path/Frameworks";
				PRODUCT_BUNDLE_IDENTIFIER = kyohei.NewsReaderTests;
				PRODUCT_NAME = "$(TARGET_NAME)";
				TEST_HOST = "$(BUILT_PRODUCTS_DIR)/NewsReader.app/NewsReader";
			};
			name = Debug;
		};
		7FD7A8FB1D1E672900580D4C /* Release */ = {
			isa = XCBuildConfiguration;
			buildSettings = {
				BUNDLE_LOADER = "$(TEST_HOST)";
				INFOPLIST_FILE = NewsReaderTests/Info.plist;
				LD_RUNPATH_SEARCH_PATHS = "$(inherited) @executable_path/Frameworks @loader_path/Frameworks";
				PRODUCT_BUNDLE_IDENTIFIER = kyohei.NewsReaderTests;
				PRODUCT_NAME = "$(TARGET_NAME)";
				TEST_HOST = "$(BUILT_PRODUCTS_DIR)/NewsReader.app/NewsReader";
			};
			name = Release;
		};
		7FD7A8FD1D1E672900580D4C /* Debug */ = {
			isa = XCBuildConfiguration;
			buildSettings = {
				INFOPLIST_FILE = NewsReaderUITests/Info.plist;
				LD_RUNPATH_SEARCH_PATHS = "$(inherited) @executable_path/Frameworks @loader_path/Frameworks";
				PRODUCT_BUNDLE_IDENTIFIER = kyohei.NewsReaderUITests;
				PRODUCT_NAME = "$(TARGET_NAME)";
				TEST_TARGET_NAME = NewsReader;
			};
			name = Debug;
		};
		7FD7A8FE1D1E672900580D4C /* Release */ = {
			isa = XCBuildConfiguration;
			buildSettings = {
				INFOPLIST_FILE = NewsReaderUITests/Info.plist;
				LD_RUNPATH_SEARCH_PATHS = "$(inherited) @executable_path/Frameworks @loader_path/Frameworks";
				PRODUCT_BUNDLE_IDENTIFIER = kyohei.NewsReaderUITests;
				PRODUCT_NAME = "$(TARGET_NAME)";
				TEST_TARGET_NAME = NewsReader;
			};
			name = Release;
		};
/* End XCBuildConfiguration section */

/* Begin XCConfigurationList section */
		7FD7A8C91D1E672900580D4C /* Build configuration list for PBXProject "NewsReader" */ = {
			isa = XCConfigurationList;
			buildConfigurations = (
				7FD7A8F41D1E672900580D4C /* Debug */,
				7FD7A8F51D1E672900580D4C /* Release */,
			);
			defaultConfigurationIsVisible = 0;
			defaultConfigurationName = Release;
		};
		7FD7A8F61D1E672900580D4C /* Build configuration list for PBXNativeTarget "NewsReader" */ = {
			isa = XCConfigurationList;
			buildConfigurations = (
				7FD7A8F71D1E672900580D4C /* Debug */,
				7FD7A8F81D1E672900580D4C /* Release */,
			);
			defaultConfigurationIsVisible = 0;
		};
		7FD7A8F91D1E672900580D4C /* Build configuration list for PBXNativeTarget "NewsReaderTests" */ = {
			isa = XCConfigurationList;
			buildConfigurations = (
				7FD7A8FA1D1E672900580D4C /* Debug */,
				7FD7A8FB1D1E672900580D4C /* Release */,
			);
			defaultConfigurationIsVisible = 0;
		};
		7FD7A8FC1D1E672900580D4C /* Build configuration list for PBXNativeTarget "NewsReaderUITests" */ = {
			isa = XCConfigurationList;
			buildConfigurations = (
				7FD7A8FD1D1E672900580D4C /* Debug */,
				7FD7A8FE1D1E672900580D4C /* Release */,
			);
			defaultConfigurationIsVisible = 0;
		};
/* End XCConfigurationList section */
	};
	rootObject = 7FD7A8C61D1E672900580D4C /* Project object */;
}
